
Microsoft Visual Studio Solution File, Format Version 12.00
# Visual Studio Version 17
VisualStudioVersion = 17.3.32825.248
MinimumVisualStudioVersion = 10.0.40219.1
Project("{FAE04EC0-301F-11D3-BF4B-00C04F79EFBC}") = "DropDownHierarchical", "DropDownHierarchical.csproj", "{FA9F46AD-D254-4CF7-A9FC-C2F50A303582}"
EndProject
Global
	GlobalSection(SolutionConfigurationPlatforms) = preSolution
		Debug|Any CPU = Debug|Any CPU
		Release|Any CPU = Release|Any CPU
	EndGlobalSection
	GlobalSection(ProjectConfigurationPlatforms) = postSolution
		{FA9F46AD-D254-4CF7-A9FC-C2F50A303582}.Debug|Any CPU.ActiveCfg = Debug|Any CPU
		{FA9F46AD-D254-4CF7-A9FC-C2F50A303582}.Debug|Any CPU.Build.0 = Debug|Any CPU
		{FA9F46AD-D254-4CF7-A9FC-C2F50A303582}.Release|Any CPU.ActiveCfg = Release|Any CPU
		{FA9F46AD-D254-4CF7-A9FC-C2F50A303582}.Release|Any CPU.Build.0 = Release|Any CPU
	EndGlobalSection
	GlobalSection(SolutionProperties) = preSolution
		HideSolutionNode = FALSE
	EndGlobalSection
	GlobalSection(ExtensibilityGlobals) = postSolution
		SolutionGuid = {A82C7F68-71D8-41D3-8571-545C8FFECA21}
	EndGlobalSection
EndGlobal
